{
  "name": "fluree-node-crypto-test",
  "lockfileVersion": 3,
  "requires": true,
  "packages": {
    "": {
      "name": "fluree-node-crypto-test",
      "dependencies": {
        "@fluree/crypto": "file:../../out/nodejs"
      }
    },
    "../../out/nodejs": {
      "name": "@fluree/crypto",
      "version": "4.0.0"
    },
    "node_modules/@fluree/crypto": {
      "resolved": "../../out/nodejs",
      "link": true
    }
  }
}
